golang.org/x/example/hello v0.0.0-20250425154744-f8bc3a00c468 h1:+gQwRKnsNyqXXiLN4yPBpdomQLS+ByqMTid/muhKxuQ=
golang.org/x/example/hello v0.0.0-20250425154744-f8bc3a00c468/go.mod h1:UhUKOXx5fMcLZxwL20DUrWWBBoRYG9Jvc8FiwZhRHCI=
golang.org/x/text v0.6.0/go.mod h1:mrYo+phRRbMaCq/xk9113O4dZlRixOauAjOtrjsXDZ8=
